<Solution>
  <Folder Name="/DAL/">
    <Project Path="D:/Users/romik/Documents/Skill/C#/BillOfSaleSolution/BillSale/DAL/BillSale.DAL.Contracts/BillSale.DAL.Contracts.csproj" Id="ef55af3b-ef58-4a60-acce-0aba040cf043" />
  </Folder>
  <Folder Name="/Solution Items/">
    <File Path=".editorconfig" />
  </Folder>
  <Project Path="D:/Users/romik/Documents/Skill/C#/BillOfSaleSolution/BillSale/BillSale.Entities/BillSale.Entities.csproj" Id="f784dbc2-8df3-41be-be2a-6ca823f70bce" />
</Solution>
